Microsoft Visual Studio Solution File, Format Version 12.00
# Visual Studio Version 17
VisualStudioVersion = 17.5.2.0
MinimumVisualStudioVersion = 10.0.40219.1
Project("{FAE04EC0-301F-11D3-BF4B-00C04F79EFBC}") = "MusicBox", "MusicBox.csproj", "{4D700959-54C1-C3BC-C013-8ABF692F823D}"
EndProject
Global
	GlobalSection(SolutionConfigurationPlatforms) = preSolution
		Debug|Any CPU = Debug|Any CPU
		Release|Any CPU = Release|Any CPU
	EndGlobalSection
	GlobalSection(ProjectConfigurationPlatforms) = postSolution
		{4D700959-54C1-C3BC-C013-8ABF692F823D}.Debug|Any CPU.ActiveCfg = Debug|Any CPU
		{4D700959-54C1-C3BC-C013-8ABF692F823D}.Debug|Any CPU.Build.0 = Debug|Any CPU
		{4D700959-54C1-C3BC-C013-8ABF692F823D}.Release|Any CPU.ActiveCfg = Release|Any CPU
		{4D700959-54C1-C3BC-C013-8ABF692F823D}.Release|Any CPU.Build.0 = Release|Any CPU
	EndGlobalSection
	GlobalSection(SolutionProperties) = preSolution
		HideSolutionNode = FALSE
	EndGlobalSection
	GlobalSection(ExtensibilityGlobals) = postSolution
		SolutionGuid = {4C779FDB-EB43-421C-9994-D7A762D25A02}
	EndGlobalSection
EndGlobal
